
Microsoft Visual Studio Solution File, Format Version 12.00
# Visual Studio Version 17
VisualStudioVersion = 17.7.34003.232
MinimumVisualStudioVersion = 10.0.40219.1
Project("{FAE04EC0-301F-11D3-BF4B-00C04F79EFBC}") = "Thuc hanh 2b", "Thuc hanh 2b\Thuc hanh 2b.csproj", "{E460CC4C-DBB5-4D88-A8AB-B92AE58AC2A4}"
EndProject
Global
	GlobalSection(SolutionConfigurationPlatforms) = preSolution
		Debug|Any CPU = Debug|Any CPU
		Release|Any CPU = Release|Any CPU
	EndGlobalSection
	GlobalSection(ProjectConfigurationPlatforms) = postSolution
		{E460CC4C-DBB5-4D88-A8AB-B92AE58AC2A4}.Debug|Any CPU.ActiveCfg = Debug|Any CPU
		{E460CC4C-DBB5-4D88-A8AB-B92AE58AC2A4}.Debug|Any CPU.Build.0 = Debug|Any CPU
		{E460CC4C-DBB5-4D88-A8AB-B92AE58AC2A4}.Release|Any CPU.ActiveCfg = Release|Any CPU
		{E460CC4C-DBB5-4D88-A8AB-B92AE58AC2A4}.Release|Any CPU.Build.0 = Release|Any CPU
	EndGlobalSection
	GlobalSection(SolutionProperties) = preSolution
		HideSolutionNode = FALSE
	EndGlobalSection
	GlobalSection(ExtensibilityGlobals) = postSolution
		SolutionGuid = {C874390D-BECF-4C78-BC84-4D23177CD671}
	EndGlobalSection
EndGlobal
